
Microsoft Visual Studio Solution File, Format Version 12.00
# Visual Studio Version 16
VisualStudioVersion = 16.0.30225.117
MinimumVisualStudioVersion = 10.0.40219.1
Project("{FAE04EC0-301F-11D3-BF4B-00C04F79EFBC}") = "CPUFrequencyMonitor", "CPUFrequencyMonitor.csproj", "{84A50A81-1460-474C-AFCD-9198AFDBEE15}"
EndProject
Global
	GlobalSection(SolutionConfigurationPlatforms) = preSolution
		Debug|Any CPU = Debug|Any CPU
		Release|Any CPU = Release|Any CPU
	EndGlobalSection
	GlobalSection(ProjectConfigurationPlatforms) = postSolution
		{84A50A81-1460-474C-AFCD-9198AFDBEE15}.Debug|Any CPU.ActiveCfg = Debug|Any CPU
		{84A50A81-1460-474C-AFCD-9198AFDBEE15}.Debug|Any CPU.Build.0 = Debug|Any CPU
		{84A50A81-1460-474C-AFCD-9198AFDBEE15}.Release|Any CPU.ActiveCfg = Release|Any CPU
		{84A50A81-1460-474C-AFCD-9198AFDBEE15}.Release|Any CPU.Build.0 = Release|Any CPU
	EndGlobalSection
	GlobalSection(SolutionProperties) = preSolution
		HideSolutionNode = FALSE
	EndGlobalSection
	GlobalSection(ExtensibilityGlobals) = postSolution
		SolutionGuid = {26D15AF3-3E78-4D13-82F9-2BC2560DBE0B}
	EndGlobalSection
EndGlobal
